[theme]
primaryColor = "#3b82f6"
backgroundColor = "#f5f7fa"
secondaryBackgroundColor = "#ffffff"
textColor = "#1f2937"
font = "sans serif"

[client]
showErrorDetails = true
toolbarMode = "viewer"

[logger]
level = "info"

[server]
port = 8501
headless = true
runOnSave = true
maxUploadSize = 200
